
Microsoft Visual Studio Solution File, Format Version 12.00
# Visual Studio Version 16
VisualStudioVersion = 16.0.29326.143
MinimumVisualStudioVersion = 10.0.40219.1
Project("{FAE04EC0-301F-11D3-BF4B-00C04F79EFBC}") = "CompareEmails", "CompareEmails\CompareEmails.csproj", "{EBD32D59-7308-4B4F-82AB-DE0F7B3E017E}"
EndProject
Global
	GlobalSection(SolutionConfigurationPlatforms) = preSolution
		Debug|Any CPU = Debug|Any CPU
		Release|Any CPU = Release|Any CPU
	EndGlobalSection
	GlobalSection(ProjectConfigurationPlatforms) = postSolution
		{EBD32D59-7308-4B4F-82AB-DE0F7B3E017E}.Debug|Any CPU.ActiveCfg = Debug|Any CPU
		{EBD32D59-7308-4B4F-82AB-DE0F7B3E017E}.Debug|Any CPU.Build.0 = Debug|Any CPU
		{EBD32D59-7308-4B4F-82AB-DE0F7B3E017E}.Release|Any CPU.ActiveCfg = Release|Any CPU
		{EBD32D59-7308-4B4F-82AB-DE0F7B3E017E}.Release|Any CPU.Build.0 = Release|Any CPU
	EndGlobalSection
	GlobalSection(SolutionProperties) = preSolution
		HideSolutionNode = FALSE
	EndGlobalSection
	GlobalSection(ExtensibilityGlobals) = postSolution
		SolutionGuid = {5CF18DBF-1B46-4498-92F7-C186B7D74E90}
	EndGlobalSection
EndGlobal
